
Microsoft Visual Studio Solution File, Format Version 12.00
# Visual Studio Version 17
VisualStudioVersion = 17.3.32901.215
MinimumVisualStudioVersion = 10.0.40219.1
Project("{FAE04EC0-301F-11D3-BF4B-00C04F79EFBC}") = "StudentProfile", "StudentProfile\StudentProfile.csproj", "{D873BF9B-BDCA-46AE-ACB6-0EB68CA2209C}"
EndProject
Project("{FAE04EC0-301F-11D3-BF4B-00C04F79EFBC}") = "STD.Core", "STD.Core\STD.Core.csproj", "{9FEC02B8-0D88-432B-990D-06EFAE3BC74E}"
EndProject
Project("{FAE04EC0-301F-11D3-BF4B-00C04F79EFBC}") = "STD.Data", "STD.Data\STD.Data.csproj", "{B7D49E16-69E4-4C0E-988E-8324DD3C32D0}"
EndProject
Project("{FAE04EC0-301F-11D3-BF4B-00C04F79EFBC}") = "STD.Infrastructure", "STD.Infrastructure\STD.Infrastructure.csproj", "{9D89F9F5-C03A-4B91-A161-B73E01C184F1}"
EndProject
Global
	GlobalSection(SolutionConfigurationPlatforms) = preSolution
		Debug|Any CPU = Debug|Any CPU
		Release|Any CPU = Release|Any CPU
	EndGlobalSection
	GlobalSection(ProjectConfigurationPlatforms) = postSolution
		{D873BF9B-BDCA-46AE-ACB6-0EB68CA2209C}.Debug|Any CPU.ActiveCfg = Debug|Any CPU
		{D873BF9B-BDCA-46AE-ACB6-0EB68CA2209C}.Debug|Any CPU.Build.0 = Debug|Any CPU
		{D873BF9B-BDCA-46AE-ACB6-0EB68CA2209C}.Release|Any CPU.ActiveCfg = Release|Any CPU
		{D873BF9B-BDCA-46AE-ACB6-0EB68CA2209C}.Release|Any CPU.Build.0 = Release|Any CPU
		{9FEC02B8-0D88-432B-990D-06EFAE3BC74E}.Debug|Any CPU.ActiveCfg = Debug|Any CPU
		{9FEC02B8-0D88-432B-990D-06EFAE3BC74E}.Debug|Any CPU.Build.0 = Debug|Any CPU
		{9FEC02B8-0D88-432B-990D-06EFAE3BC74E}.Release|Any CPU.ActiveCfg = Release|Any CPU
		{9FEC02B8-0D88-432B-990D-06EFAE3BC74E}.Release|Any CPU.Build.0 = Release|Any CPU
		{B7D49E16-69E4-4C0E-988E-8324DD3C32D0}.Debug|Any CPU.ActiveCfg = Debug|Any CPU
		{B7D49E16-69E4-4C0E-988E-8324DD3C32D0}.Debug|Any CPU.Build.0 = Debug|Any CPU
		{B7D49E16-69E4-4C0E-988E-8324DD3C32D0}.Release|Any CPU.ActiveCfg = Release|Any CPU
		{B7D49E16-69E4-4C0E-988E-8324DD3C32D0}.Release|Any CPU.Build.0 = Release|Any CPU
		{9D89F9F5-C03A-4B91-A161-B73E01C184F1}.Debug|Any CPU.ActiveCfg = Debug|Any CPU
		{9D89F9F5-C03A-4B91-A161-B73E01C184F1}.Debug|Any CPU.Build.0 = Debug|Any CPU
		{9D89F9F5-C03A-4B91-A161-B73E01C184F1}.Release|Any CPU.ActiveCfg = Release|Any CPU
		{9D89F9F5-C03A-4B91-A161-B73E01C184F1}.Release|Any CPU.Build.0 = Release|Any CPU
	EndGlobalSection
	GlobalSection(SolutionProperties) = preSolution
		HideSolutionNode = FALSE
	EndGlobalSection
	GlobalSection(ExtensibilityGlobals) = postSolution
		SolutionGuid = {6051598D-1502-4A78-8517-032EF2082478}
	EndGlobalSection
EndGlobal
